PATH
  remote: ../local_gem
  specs:
    local_gem (0.1.0)

GIT
  remote: https://github.com/example/git_gem.git
  revision: abc123def456
  specs:
    git_gem (1.0.0)

GEM
  remote: https://rubygems.org/
  specs:
    actioncable (8.1.2)
      actionpack (= 8.1.2)
    actionpack (8.1.2)
      activesupport (= 8.1.2)
      rack (~> 3.0)
    activesupport (8.1.2)
    debug (1.9.2)
      irb (~> 1.10)
    irb (1.14.1)
    nokogiri (1.16.4)
      racc (~> 1.4)
    puma (6.4.3)
    racc (1.8.1)
    rack (3.1.8)
    rails (8.1.2)
      actioncable (= 8.1.2)
      actionpack (= 8.1.2)
      activesupport (= 8.1.2)

PLATFORMS
  ruby

DEPENDENCIES
  debug
  git_gem!
  local_gem!
  nokogiri (~> 1.16)
  puma (~> 6.0)
  rails (>= 8.1.2)

BUNDLED WITH
   2.5.0
